
Microsoft Visual Studio Solution File, Format Version 12.00
# Visual Studio Version 16
VisualStudioVersion = 16.0.29326.143
MinimumVisualStudioVersion = 10.0.40219.1
Project("{FAE04EC0-301F-11D3-BF4B-00C04F79EFBC}") = "SlipperyJim", "SlipperyJim.csproj", "{CF1C12AF-BD90-49C9-8E48-AA9000935510}"
EndProject
Global
	GlobalSection(SolutionConfigurationPlatforms) = preSolution
		Debug|Any CPU = Debug|Any CPU
		Release|Any CPU = Release|Any CPU
	EndGlobalSection
	GlobalSection(ProjectConfigurationPlatforms) = postSolution
		{CF1C12AF-BD90-49C9-8E48-AA9000935510}.Debug|Any CPU.ActiveCfg = Debug|Any CPU
		{CF1C12AF-BD90-49C9-8E48-AA9000935510}.Debug|Any CPU.Build.0 = Debug|Any CPU
		{CF1C12AF-BD90-49C9-8E48-AA9000935510}.Release|Any CPU.ActiveCfg = Release|Any CPU
		{CF1C12AF-BD90-49C9-8E48-AA9000935510}.Release|Any CPU.Build.0 = Release|Any CPU
	EndGlobalSection
	GlobalSection(SolutionProperties) = preSolution
		HideSolutionNode = FALSE
	EndGlobalSection
	GlobalSection(ExtensibilityGlobals) = postSolution
		SolutionGuid = {8E64A0FB-A734-4135-99F1-6EDEFAD2D932}
	EndGlobalSection
EndGlobal
